
Microsoft Visual Studio Solution File, Format Version 10.00
# Visual Studio 2008
Project("{FAE04EC0-301F-11D3-BF4B-00C04F79EFBC}") = "SWBF2_Tool", "SWBF2_Tool.csproj", "{1CED18A0-CD82-48E7-B882-6D7644EEA801}"
EndProject
Global
	GlobalSection(SolutionConfigurationPlatforms) = preSolution
		Debug|Any CPU = Debug|Any CPU
		Release|Any CPU = Release|Any CPU
	EndGlobalSection
	GlobalSection(ProjectConfigurationPlatforms) = postSolution
		{1CED18A0-CD82-48E7-B882-6D7644EEA801}.Debug|Any CPU.ActiveCfg = Debug|Any CPU
		{1CED18A0-CD82-48E7-B882-6D7644EEA801}.Debug|Any CPU.Build.0 = Debug|Any CPU
		{1CED18A0-CD82-48E7-B882-6D7644EEA801}.Release|Any CPU.ActiveCfg = Release|Any CPU
		{1CED18A0-CD82-48E7-B882-6D7644EEA801}.Release|Any CPU.Build.0 = Release|Any CPU
	EndGlobalSection
	GlobalSection(SolutionProperties) = preSolution
		HideSolutionNode = FALSE
	EndGlobalSection
EndGlobal
